
Microsoft Visual Studio Solution File, Format Version 12.00
# Visual Studio Version 17
VisualStudioVersion = 17.8.34316.72
MinimumVisualStudioVersion = 10.0.40219.1
Project("{9A19103F-16F7-4668-BE54-9A1E7A4F7556}") = "Setul3Ex01", "Setul3Ex01\Setul3Ex01.csproj", "{AD34471F-C0C9-4281-8AE2-65E7320D8BE4}"
EndProject
Project("{9A19103F-16F7-4668-BE54-9A1E7A4F7556}") = "Setul3Ex02", "Setul3Ex02\Setul3Ex02.csproj", "{5121F97A-E156-4BE4-91ED-55E550361942}"
EndProject
Project("{9A19103F-16F7-4668-BE54-9A1E7A4F7556}") = "Setul3Ex03", "Setul3Ex03\Setul3Ex03.csproj", "{005C1E7A-D7CF-4123-B0E5-BAD2812197F6}"
EndProject
Project("{FAE04EC0-301F-11D3-BF4B-00C04F79EFBC}") = "Setul3Ex04", "Setul2Ex04\Setul3Ex04.csproj", "{3794939B-50FC-4B38-96FC-320344865721}"
EndProject
Project("{FAE04EC0-301F-11D3-BF4B-00C04F79EFBC}") = "Setul3Ex05", "Setul3Ex05\Setul3Ex05.csproj", "{95173FCF-452A-4558-85C9-315C3D474D76}"
EndProject
Project("{FAE04EC0-301F-11D3-BF4B-00C04F79EFBC}") = "Setul3Ex06", "Setul3Ex06\Setul3Ex06.csproj", "{D4DB908F-D455-489D-9059-00E5E563C659}"
EndProject
Project("{FAE04EC0-301F-11D3-BF4B-00C04F79EFBC}") = "Setul3Ex07", "Setul3Ex07\Setul3Ex07.csproj", "{D3D26F1F-B8FB-4533-9C23-586472F7391A}"
EndProject
Project("{FAE04EC0-301F-11D3-BF4B-00C04F79EFBC}") = "Setul3Ex08", "Setul3Ex08\Setul3Ex08.csproj", "{51B90D77-D72E-4149-B8EF-0F0217DA116C}"
EndProject
Global
	GlobalSection(SolutionConfigurationPlatforms) = preSolution
		Debug|Any CPU = Debug|Any CPU
		Release|Any CPU = Release|Any CPU
	EndGlobalSection
	GlobalSection(ProjectConfigurationPlatforms) = postSolution
		{AD34471F-C0C9-4281-8AE2-65E7320D8BE4}.Debug|Any CPU.ActiveCfg = Debug|Any CPU
		{AD34471F-C0C9-4281-8AE2-65E7320D8BE4}.Debug|Any CPU.Build.0 = Debug|Any CPU
		{AD34471F-C0C9-4281-8AE2-65E7320D8BE4}.Release|Any CPU.ActiveCfg = Release|Any CPU
		{AD34471F-C0C9-4281-8AE2-65E7320D8BE4}.Release|Any CPU.Build.0 = Release|Any CPU
		{5121F97A-E156-4BE4-91ED-55E550361942}.Debug|Any CPU.ActiveCfg = Debug|Any CPU
		{5121F97A-E156-4BE4-91ED-55E550361942}.Debug|Any CPU.Build.0 = Debug|Any CPU
		{5121F97A-E156-4BE4-91ED-55E550361942}.Release|Any CPU.ActiveCfg = Release|Any CPU
		{5121F97A-E156-4BE4-91ED-55E550361942}.Release|Any CPU.Build.0 = Release|Any CPU
		{005C1E7A-D7CF-4123-B0E5-BAD2812197F6}.Debug|Any CPU.ActiveCfg = Debug|Any CPU
		{005C1E7A-D7CF-4123-B0E5-BAD2812197F6}.Debug|Any CPU.Build.0 = Debug|Any CPU
		{005C1E7A-D7CF-4123-B0E5-BAD2812197F6}.Release|Any CPU.ActiveCfg = Release|Any CPU
		{005C1E7A-D7CF-4123-B0E5-BAD2812197F6}.Release|Any CPU.Build.0 = Release|Any CPU
		{3794939B-50FC-4B38-96FC-320344865721}.Debug|Any CPU.ActiveCfg = Debug|Any CPU
		{3794939B-50FC-4B38-96FC-320344865721}.Debug|Any CPU.Build.0 = Debug|Any CPU
		{3794939B-50FC-4B38-96FC-320344865721}.Release|Any CPU.ActiveCfg = Release|Any CPU
		{3794939B-50FC-4B38-96FC-320344865721}.Release|Any CPU.Build.0 = Release|Any CPU
		{95173FCF-452A-4558-85C9-315C3D474D76}.Debug|Any CPU.ActiveCfg = Debug|Any CPU
		{95173FCF-452A-4558-85C9-315C3D474D76}.Debug|Any CPU.Build.0 = Debug|Any CPU
		{95173FCF-452A-4558-85C9-315C3D474D76}.Release|Any CPU.ActiveCfg = Release|Any CPU
		{95173FCF-452A-4558-85C9-315C3D474D76}.Release|Any CPU.Build.0 = Release|Any CPU
		{D4DB908F-D455-489D-9059-00E5E563C659}.Debug|Any CPU.ActiveCfg = Debug|Any CPU
		{D4DB908F-D455-489D-9059-00E5E563C659}.Debug|Any CPU.Build.0 = Debug|Any CPU
		{D4DB908F-D455-489D-9059-00E5E563C659}.Release|Any CPU.ActiveCfg = Release|Any CPU
		{D4DB908F-D455-489D-9059-00E5E563C659}.Release|Any CPU.Build.0 = Release|Any CPU
		{D3D26F1F-B8FB-4533-9C23-586472F7391A}.Debug|Any CPU.ActiveCfg = Debug|Any CPU
		{D3D26F1F-B8FB-4533-9C23-586472F7391A}.Debug|Any CPU.Build.0 = Debug|Any CPU
		{D3D26F1F-B8FB-4533-9C23-586472F7391A}.Release|Any CPU.ActiveCfg = Release|Any CPU
		{D3D26F1F-B8FB-4533-9C23-586472F7391A}.Release|Any CPU.Build.0 = Release|Any CPU
		{51B90D77-D72E-4149-B8EF-0F0217DA116C}.Debug|Any CPU.ActiveCfg = Debug|Any CPU
		{51B90D77-D72E-4149-B8EF-0F0217DA116C}.Debug|Any CPU.Build.0 = Debug|Any CPU
		{51B90D77-D72E-4149-B8EF-0F0217DA116C}.Release|Any CPU.ActiveCfg = Release|Any CPU
		{51B90D77-D72E-4149-B8EF-0F0217DA116C}.Release|Any CPU.Build.0 = Release|Any CPU
	EndGlobalSection
	GlobalSection(SolutionProperties) = preSolution
		HideSolutionNode = FALSE
	EndGlobalSection
	GlobalSection(ExtensibilityGlobals) = postSolution
		SolutionGuid = {6BA14D81-57FA-4666-8110-0F2B075B8E39}
	EndGlobalSection
EndGlobal
